Microsoft Visual Studio Solution File, Format Version 12.00
# Visual Studio 15
VisualStudioVersion = 15.0.27130.2036
MinimumVisualStudioVersion = 10.0.40219.1
Project("{2150E333-8FDC-42A3-9474-1A3956D46DE8}") = "test", "test", "{6271B1A9-AD9E-4AA4-882F-686330164B1C}"
EndProject
Project("{9A19103F-16F7-4668-BE54-9A1E7A4F7556}") = "TMDBApp.UnitTests", "tests\TMDBApp.UnitTests\TMDBApp.UnitTests.csproj", "{0636AA79-0AC9-4401-96BC-794B552DD196}"
EndProject
Project("{FAE04EC0-301F-11D3-BF4B-00C04F79EFBC}") = "TMDBApp.TestRunner.iOS", "tests\TMDBApp.TestRunner.iOS\TMDBApp.TestRunner.iOS.csproj", "{C4DD74C8-EE94-451C-8C54-9972537ED250}"
EndProject
Project("{2150E333-8FDC-42A3-9474-1A3956D46DE8}") = "src", "src", "{A9207F80-5096-489B-BCA0-0B5AD1FDA983}"
EndProject
Project("{9A19103F-16F7-4668-BE54-9A1E7A4F7556}") = "TMDBApp.Core", "src\TMDBApp.Core\TMDBApp.Core.csproj", "{FF796B1C-F556-4B9E-A638-EF409D0DBBB2}"
EndProject
Project("{FAE04EC0-301F-11D3-BF4B-00C04F79EFBC}") = "TMDBApp.Android", "src\TMDBApp.Android\TMDBApp.Android.csproj", "{09742A4B-4771-46C7-A200-175EAE64C68D}"
EndProject
Project("{FAE04EC0-301F-11D3-BF4B-00C04F79EFBC}") = "TMDBApp.iOS", "src\TMDBApp.iOS\TMDBApp.iOS.csproj", "{A5787FD8-4451-443A-828A-A362EB8A9395}"
EndProject
Project("{FAE04EC0-301F-11D3-BF4B-00C04F79EFBC}") = "TMDBApp.TestRunner.Android", "tests\TMDBApp.TestRunner.Android\TMDBApp.TestRunner.Android.csproj", "{7B904F8A-6C32-463F-B18A-F63B25F96E9C}"
EndProject
Global
	GlobalSection(SolutionConfigurationPlatforms) = preSolution
		Ad-Hoc|Any CPU = Ad-Hoc|Any CPU
		Ad-Hoc|iPhone = Ad-Hoc|iPhone
		Ad-Hoc|iPhoneSimulator = Ad-Hoc|iPhoneSimulator
		AppStore|Any CPU = AppStore|Any CPU
		AppStore|iPhone = AppStore|iPhone
		AppStore|iPhoneSimulator = AppStore|iPhoneSimulator
		Debug|Any CPU = Debug|Any CPU
		Debug|iPhone = Debug|iPhone
		Debug|iPhoneSimulator = Debug|iPhoneSimulator
		Release|Any CPU = Release|Any CPU
		Release|iPhone = Release|iPhone
		Release|iPhoneSimulator = Release|iPhoneSimulator
	EndGlobalSection
	GlobalSection(ProjectConfigurationPlatforms) = postSolution
		{0636AA79-0AC9-4401-96BC-794B552DD196}.Ad-Hoc|Any CPU.ActiveCfg = Release|Any CPU
		{0636AA79-0AC9-4401-96BC-794B552DD196}.Ad-Hoc|Any CPU.Build.0 = Release|Any CPU
		{0636AA79-0AC9-4401-96BC-794B552DD196}.Ad-Hoc|iPhone.ActiveCfg = Release|Any CPU
		{0636AA79-0AC9-4401-96BC-794B552DD196}.Ad-Hoc|iPhone.Build.0 = Release|Any CPU
		{0636AA79-0AC9-4401-96BC-794B552DD196}.Ad-Hoc|iPhoneSimulator.ActiveCfg = Release|Any CPU
		{0636AA79-0AC9-4401-96BC-794B552DD196}.Ad-Hoc|iPhoneSimulator.Build.0 = Release|Any CPU
		{0636AA79-0AC9-4401-96BC-794B552DD196}.AppStore|Any CPU.ActiveCfg = Release|Any CPU
		{0636AA79-0AC9-4401-96BC-794B552DD196}.AppStore|Any CPU.Build.0 = Release|Any CPU
		{0636AA79-0AC9-4401-96BC-794B552DD196}.AppStore|iPhone.ActiveCfg = Release|Any CPU
		{0636AA79-0AC9-4401-96BC-794B552DD196}.AppStore|iPhone.Build.0 = Release|Any CPU
		{0636AA79-0AC9-4401-96BC-794B552DD196}.AppStore|iPhoneSimulator.ActiveCfg = Release|Any CPU
		{0636AA79-0AC9-4401-96BC-794B552DD196}.AppStore|iPhoneSimulator.Build.0 = Release|Any CPU
		{0636AA79-0AC9-4401-96BC-794B552DD196}.Debug|Any CPU.ActiveCfg = Debug|Any CPU
		{0636AA79-0AC9-4401-96BC-794B552DD196}.Debug|Any CPU.Build.0 = Debug|Any CPU
		{0636AA79-0AC9-4401-96BC-794B552DD196}.Debug|iPhone.ActiveCfg = Debug|Any CPU
		{0636AA79-0AC9-4401-96BC-794B552DD196}.Debug|iPhone.Build.0 = Debug|Any CPU
		{0636AA79-0AC9-4401-96BC-794B552DD196}.Debug|iPhoneSimulator.ActiveCfg = Debug|Any CPU
		{0636AA79-0AC9-4401-96BC-794B552DD196}.Debug|iPhoneSimulator.Build.0 = Debug|Any CPU
		{0636AA79-0AC9-4401-96BC-794B552DD196}.Release|Any CPU.ActiveCfg = Release|Any CPU
		{0636AA79-0AC9-4401-96BC-794B552DD196}.Release|Any CPU.Build.0 = Release|Any CPU
		{0636AA79-0AC9-4401-96BC-794B552DD196}.Release|iPhone.ActiveCfg = Release|Any CPU
		{0636AA79-0AC9-4401-96BC-794B552DD196}.Release|iPhone.Build.0 = Release|Any CPU
		{0636AA79-0AC9-4401-96BC-794B552DD196}.Release|iPhoneSimulator.ActiveCfg = Release|Any CPU
		{0636AA79-0AC9-4401-96BC-794B552DD196}.Release|iPhoneSimulator.Build.0 = Release|Any CPU
		{C4DD74C8-EE94-451C-8C54-9972537ED250}.Ad-Hoc|Any CPU.ActiveCfg = Release|iPhoneSimulator
		{C4DD74C8-EE94-451C-8C54-9972537ED250}.Ad-Hoc|Any CPU.Build.0 = Release|iPhoneSimulator
		{C4DD74C8-EE94-451C-8C54-9972537ED250}.Ad-Hoc|iPhone.ActiveCfg = Release|iPhone
		{C4DD74C8-EE94-451C-8C54-9972537ED250}.Ad-Hoc|iPhone.Build.0 = Release|iPhone
		{C4DD74C8-EE94-451C-8C54-9972537ED250}.Ad-Hoc|iPhoneSimulator.ActiveCfg = Release|iPhoneSimulator
		{C4DD74C8-EE94-451C-8C54-9972537ED250}.Ad-Hoc|iPhoneSimulator.Build.0 = Release|iPhoneSimulator
		{C4DD74C8-EE94-451C-8C54-9972537ED250}.AppStore|Any CPU.ActiveCfg = Release|iPhoneSimulator
		{C4DD74C8-EE94-451C-8C54-9972537ED250}.AppStore|Any CPU.Build.0 = Release|iPhoneSimulator
		{C4DD74C8-EE94-451C-8C54-9972537ED250}.AppStore|iPhone.ActiveCfg = Release|iPhone
		{C4DD74C8-EE94-451C-8C54-9972537ED250}.AppStore|iPhone.Build.0 = Release|iPhone
		{C4DD74C8-EE94-451C-8C54-9972537ED250}.AppStore|iPhoneSimulator.ActiveCfg = Release|iPhoneSimulator
		{C4DD74C8-EE94-451C-8C54-9972537ED250}.AppStore|iPhoneSimulator.Build.0 = Release|iPhoneSimulator
		{C4DD74C8-EE94-451C-8C54-9972537ED250}.Debug|Any CPU.ActiveCfg = Debug|iPhoneSimulator
		{C4DD74C8-EE94-451C-8C54-9972537ED250}.Debug|Any CPU.Build.0 = Debug|iPhoneSimulator
		{C4DD74C8-EE94-451C-8C54-9972537ED250}.Debug|iPhone.ActiveCfg = Debug|iPhone
		{C4DD74C8-EE94-451C-8C54-9972537ED250}.Debug|iPhone.Build.0 = Debug|iPhone
		{C4DD74C8-EE94-451C-8C54-9972537ED250}.Debug|iPhoneSimulator.ActiveCfg = Debug|iPhoneSimulator
		{C4DD74C8-EE94-451C-8C54-9972537ED250}.Debug|iPhoneSimulator.Build.0 = Debug|iPhoneSimulator
		{C4DD74C8-EE94-451C-8C54-9972537ED250}.Release|Any CPU.ActiveCfg = Release|iPhone
		{C4DD74C8-EE94-451C-8C54-9972537ED250}.Release|Any CPU.Build.0 = Release|iPhone
		{C4DD74C8-EE94-451C-8C54-9972537ED250}.Release|iPhone.ActiveCfg = Release|iPhone
		{C4DD74C8-EE94-451C-8C54-9972537ED250}.Release|iPhone.Build.0 = Release|iPhone
		{C4DD74C8-EE94-451C-8C54-9972537ED250}.Release|iPhoneSimulator.ActiveCfg = Release|iPhoneSimulator
		{C4DD74C8-EE94-451C-8C54-9972537ED250}.Release|iPhoneSimulator.Build.0 = Release|iPhoneSimulator
		{FF796B1C-F556-4B9E-A638-EF409D0DBBB2}.Ad-Hoc|Any CPU.ActiveCfg = Debug|Any CPU
		{FF796B1C-F556-4B9E-A638-EF409D0DBBB2}.Ad-Hoc|Any CPU.Build.0 = Debug|Any CPU
		{FF796B1C-F556-4B9E-A638-EF409D0DBBB2}.Ad-Hoc|iPhone.ActiveCfg = Debug|Any CPU
		{FF796B1C-F556-4B9E-A638-EF409D0DBBB2}.Ad-Hoc|iPhone.Build.0 = Debug|Any CPU
		{FF796B1C-F556-4B9E-A638-EF409D0DBBB2}.Ad-Hoc|iPhoneSimulator.ActiveCfg = Debug|Any CPU
		{FF796B1C-F556-4B9E-A638-EF409D0DBBB2}.Ad-Hoc|iPhoneSimulator.Build.0 = Debug|Any CPU
		{FF796B1C-F556-4B9E-A638-EF409D0DBBB2}.AppStore|Any CPU.ActiveCfg = Debug|Any CPU
		{FF796B1C-F556-4B9E-A638-EF409D0DBBB2}.AppStore|Any CPU.Build.0 = Debug|Any CPU
		{FF796B1C-F556-4B9E-A638-EF409D0DBBB2}.AppStore|iPhone.ActiveCfg = Debug|Any CPU
		{FF796B1C-F556-4B9E-A638-EF409D0DBBB2}.AppStore|iPhone.Build.0 = Debug|Any CPU
		{FF796B1C-F556-4B9E-A638-EF409D0DBBB2}.AppStore|iPhoneSimulator.ActiveCfg = Debug|Any CPU
		{FF796B1C-F556-4B9E-A638-EF409D0DBBB2}.AppStore|iPhoneSimulator.Build.0 = Debug|Any CPU
		{FF796B1C-F556-4B9E-A638-EF409D0DBBB2}.Debug|Any CPU.ActiveCfg = Debug|Any CPU
		{FF796B1C-F556-4B9E-A638-EF409D0DBBB2}.Debug|Any CPU.Build.0 = Debug|Any CPU
		{FF796B1C-F556-4B9E-A638-EF409D0DBBB2}.Debug|iPhone.ActiveCfg = Debug|Any CPU
		{FF796B1C-F556-4B9E-A638-EF409D0DBBB2}.Debug|iPhone.Build.0 = Debug|Any CPU
		{FF796B1C-F556-4B9E-A638-EF409D0DBBB2}.Debug|iPhoneSimulator.ActiveCfg = Debug|Any CPU
		{FF796B1C-F556-4B9E-A638-EF409D0DBBB2}.Debug|iPhoneSimulator.Build.0 = Debug|Any CPU
		{FF796B1C-F556-4B9E-A638-EF409D0DBBB2}.Release|Any CPU.ActiveCfg = Release|Any CPU
		{FF796B1C-F556-4B9E-A638-EF409D0DBBB2}.Release|Any CPU.Build.0 = Release|Any CPU
		{FF796B1C-F556-4B9E-A638-EF409D0DBBB2}.Release|iPhone.ActiveCfg = Release|Any CPU
		{FF796B1C-F556-4B9E-A638-EF409D0DBBB2}.Release|iPhone.Build.0 = Release|Any CPU
		{FF796B1C-F556-4B9E-A638-EF409D0DBBB2}.Release|iPhoneSimulator.ActiveCfg = Release|Any CPU
		{FF796B1C-F556-4B9E-A638-EF409D0DBBB2}.Release|iPhoneSimulator.Build.0 = Release|Any CPU
		{09742A4B-4771-46C7-A200-175EAE64C68D}.Ad-Hoc|Any CPU.ActiveCfg = Release|Any CPU
		{09742A4B-4771-46C7-A200-175EAE64C68D}.Ad-Hoc|Any CPU.Build.0 = Release|Any CPU
		{09742A4B-4771-46C7-A200-175EAE64C68D}.Ad-Hoc|Any CPU.Deploy.0 = Release|Any CPU
		{09742A4B-4771-46C7-A200-175EAE64C68D}.Ad-Hoc|iPhone.ActiveCfg = Release|Any CPU
		{09742A4B-4771-46C7-A200-175EAE64C68D}.Ad-Hoc|iPhone.Build.0 = Release|Any CPU
		{09742A4B-4771-46C7-A200-175EAE64C68D}.Ad-Hoc|iPhone.Deploy.0 = Release|Any CPU
		{09742A4B-4771-46C7-A200-175EAE64C68D}.Ad-Hoc|iPhoneSimulator.ActiveCfg = Release|Any CPU
		{09742A4B-4771-46C7-A200-175EAE64C68D}.Ad-Hoc|iPhoneSimulator.Build.0 = Release|Any CPU
		{09742A4B-4771-46C7-A200-175EAE64C68D}.Ad-Hoc|iPhoneSimulator.Deploy.0 = Release|Any CPU
		{09742A4B-4771-46C7-A200-175EAE64C68D}.AppStore|Any CPU.ActiveCfg = Release|Any CPU
		{09742A4B-4771-46C7-A200-175EAE64C68D}.AppStore|Any CPU.Build.0 = Release|Any CPU
		{09742A4B-4771-46C7-A200-175EAE64C68D}.AppStore|Any CPU.Deploy.0 = Release|Any CPU
		{09742A4B-4771-46C7-A200-175EAE64C68D}.AppStore|iPhone.ActiveCfg = Release|Any CPU
		{09742A4B-4771-46C7-A200-175EAE64C68D}.AppStore|iPhone.Build.0 = Release|Any CPU
		{09742A4B-4771-46C7-A200-175EAE64C68D}.AppStore|iPhone.Deploy.0 = Release|Any CPU
		{09742A4B-4771-46C7-A200-175EAE64C68D}.AppStore|iPhoneSimulator.ActiveCfg = Release|Any CPU
		{09742A4B-4771-46C7-A200-175EAE64C68D}.AppStore|iPhoneSimulator.Build.0 = Release|Any CPU
		{09742A4B-4771-46C7-A200-175EAE64C68D}.AppStore|iPhoneSimulator.Deploy.0 = Release|Any CPU
		{09742A4B-4771-46C7-A200-175EAE64C68D}.Debug|Any CPU.ActiveCfg = Debug|Any CPU
		{09742A4B-4771-46C7-A200-175EAE64C68D}.Debug|Any CPU.Build.0 = Debug|Any CPU
		{09742A4B-4771-46C7-A200-175EAE64C68D}.Debug|Any CPU.Deploy.0 = Debug|Any CPU
		{09742A4B-4771-46C7-A200-175EAE64C68D}.Debug|iPhone.ActiveCfg = Debug|Any CPU
		{09742A4B-4771-46C7-A200-175EAE64C68D}.Debug|iPhone.Build.0 = Debug|Any CPU
		{09742A4B-4771-46C7-A200-175EAE64C68D}.Debug|iPhone.Deploy.0 = Debug|Any CPU
		{09742A4B-4771-46C7-A200-175EAE64C68D}.Debug|iPhoneSimulator.ActiveCfg = Debug|Any CPU
		{09742A4B-4771-46C7-A200-175EAE64C68D}.Debug|iPhoneSimulator.Build.0 = Debug|Any CPU
		{09742A4B-4771-46C7-A200-175EAE64C68D}.Debug|iPhoneSimulator.Deploy.0 = Debug|Any CPU
		{09742A4B-4771-46C7-A200-175EAE64C68D}.Release|Any CPU.ActiveCfg = Release|Any CPU
		{09742A4B-4771-46C7-A200-175EAE64C68D}.Release|Any CPU.Build.0 = Release|Any CPU
		{09742A4B-4771-46C7-A200-175EAE64C68D}.Release|Any CPU.Deploy.0 = Release|Any CPU
		{09742A4B-4771-46C7-A200-175EAE64C68D}.Release|iPhone.ActiveCfg = Release|Any CPU
		{09742A4B-4771-46C7-A200-175EAE64C68D}.Release|iPhone.Build.0 = Release|Any CPU
		{09742A4B-4771-46C7-A200-175EAE64C68D}.Release|iPhone.Deploy.0 = Release|Any CPU
		{09742A4B-4771-46C7-A200-175EAE64C68D}.Release|iPhoneSimulator.ActiveCfg = Release|Any CPU
		{09742A4B-4771-46C7-A200-175EAE64C68D}.Release|iPhoneSimulator.Build.0 = Release|Any CPU
		{09742A4B-4771-46C7-A200-175EAE64C68D}.Release|iPhoneSimulator.Deploy.0 = Release|Any CPU
		{A5787FD8-4451-443A-828A-A362EB8A9395}.Ad-Hoc|Any CPU.ActiveCfg = Ad-Hoc|iPhone
		{A5787FD8-4451-443A-828A-A362EB8A9395}.Ad-Hoc|iPhone.ActiveCfg = Ad-Hoc|iPhone
		{A5787FD8-4451-443A-828A-A362EB8A9395}.Ad-Hoc|iPhone.Build.0 = Ad-Hoc|iPhone
		{A5787FD8-4451-443A-828A-A362EB8A9395}.Ad-Hoc|iPhoneSimulator.ActiveCfg = Ad-Hoc|iPhoneSimulator
		{A5787FD8-4451-443A-828A-A362EB8A9395}.Ad-Hoc|iPhoneSimulator.Build.0 = Ad-Hoc|iPhoneSimulator
		{A5787FD8-4451-443A-828A-A362EB8A9395}.AppStore|Any CPU.ActiveCfg = AppStore|iPhone
		{A5787FD8-4451-443A-828A-A362EB8A9395}.AppStore|iPhone.ActiveCfg = AppStore|iPhone
		{A5787FD8-4451-443A-828A-A362EB8A9395}.AppStore|iPhone.Build.0 = AppStore|iPhone
		{A5787FD8-4451-443A-828A-A362EB8A9395}.AppStore|iPhoneSimulator.ActiveCfg = AppStore|iPhoneSimulator
		{A5787FD8-4451-443A-828A-A362EB8A9395}.AppStore|iPhoneSimulator.Build.0 = AppStore|iPhoneSimulator
		{A5787FD8-4451-443A-828A-A362EB8A9395}.Debug|Any CPU.ActiveCfg = Debug|iPhone
		{A5787FD8-4451-443A-828A-A362EB8A9395}.Debug|iPhone.ActiveCfg = Debug|iPhone
		{A5787FD8-4451-443A-828A-A362EB8A9395}.Debug|iPhone.Build.0 = Debug|iPhone
		{A5787FD8-4451-443A-828A-A362EB8A9395}.Debug|iPhoneSimulator.ActiveCfg = Debug|iPhoneSimulator
		{A5787FD8-4451-443A-828A-A362EB8A9395}.Debug|iPhoneSimulator.Build.0 = Debug|iPhoneSimulator
		{A5787FD8-4451-443A-828A-A362EB8A9395}.Release|Any CPU.ActiveCfg = Release|iPhone
		{A5787FD8-4451-443A-828A-A362EB8A9395}.Release|iPhone.ActiveCfg = Release|iPhone
		{A5787FD8-4451-443A-828A-A362EB8A9395}.Release|iPhone.Build.0 = Release|iPhone
		{A5787FD8-4451-443A-828A-A362EB8A9395}.Release|iPhoneSimulator.ActiveCfg = Release|iPhoneSimulator
		{A5787FD8-4451-443A-828A-A362EB8A9395}.Release|iPhoneSimulator.Build.0 = Release|iPhoneSimulator
		{7B904F8A-6C32-463F-B18A-F63B25F96E9C}.Ad-Hoc|Any CPU.ActiveCfg = Release|Any CPU
		{7B904F8A-6C32-463F-B18A-F63B25F96E9C}.Ad-Hoc|Any CPU.Build.0 = Release|Any CPU
		{7B904F8A-6C32-463F-B18A-F63B25F96E9C}.Ad-Hoc|Any CPU.Deploy.0 = Release|Any CPU
		{7B904F8A-6C32-463F-B18A-F63B25F96E9C}.Ad-Hoc|iPhone.ActiveCfg = Release|Any CPU
		{7B904F8A-6C32-463F-B18A-F63B25F96E9C}.Ad-Hoc|iPhone.Build.0 = Release|Any CPU
		{7B904F8A-6C32-463F-B18A-F63B25F96E9C}.Ad-Hoc|iPhone.Deploy.0 = Release|Any CPU
		{7B904F8A-6C32-463F-B18A-F63B25F96E9C}.Ad-Hoc|iPhoneSimulator.ActiveCfg = Release|Any CPU
		{7B904F8A-6C32-463F-B18A-F63B25F96E9C}.Ad-Hoc|iPhoneSimulator.Build.0 = Release|Any CPU
		{7B904F8A-6C32-463F-B18A-F63B25F96E9C}.Ad-Hoc|iPhoneSimulator.Deploy.0 = Release|Any CPU
		{7B904F8A-6C32-463F-B18A-F63B25F96E9C}.AppStore|Any CPU.ActiveCfg = Release|Any CPU
		{7B904F8A-6C32-463F-B18A-F63B25F96E9C}.AppStore|Any CPU.Build.0 = Release|Any CPU
		{7B904F8A-6C32-463F-B18A-F63B25F96E9C}.AppStore|Any CPU.Deploy.0 = Release|Any CPU
		{7B904F8A-6C32-463F-B18A-F63B25F96E9C}.AppStore|iPhone.ActiveCfg = Release|Any CPU
		{7B904F8A-6C32-463F-B18A-F63B25F96E9C}.AppStore|iPhone.Build.0 = Release|Any CPU
		{7B904F8A-6C32-463F-B18A-F63B25F96E9C}.AppStore|iPhone.Deploy.0 = Release|Any CPU
		{7B904F8A-6C32-463F-B18A-F63B25F96E9C}.AppStore|iPhoneSimulator.ActiveCfg = Release|Any CPU
		{7B904F8A-6C32-463F-B18A-F63B25F96E9C}.AppStore|iPhoneSimulator.Build.0 = Release|Any CPU
		{7B904F8A-6C32-463F-B18A-F63B25F96E9C}.AppStore|iPhoneSimulator.Deploy.0 = Release|Any CPU
		{7B904F8A-6C32-463F-B18A-F63B25F96E9C}.Debug|Any CPU.ActiveCfg = Debug|Any CPU
		{7B904F8A-6C32-463F-B18A-F63B25F96E9C}.Debug|Any CPU.Build.0 = Debug|Any CPU
		{7B904F8A-6C32-463F-B18A-F63B25F96E9C}.Debug|Any CPU.Deploy.0 = Debug|Any CPU
		{7B904F8A-6C32-463F-B18A-F63B25F96E9C}.Debug|iPhone.ActiveCfg = Debug|Any CPU
		{7B904F8A-6C32-463F-B18A-F63B25F96E9C}.Debug|iPhone.Build.0 = Debug|Any CPU
		{7B904F8A-6C32-463F-B18A-F63B25F96E9C}.Debug|iPhone.Deploy.0 = Debug|Any CPU
		{7B904F8A-6C32-463F-B18A-F63B25F96E9C}.Debug|iPhoneSimulator.ActiveCfg = Debug|Any CPU
		{7B904F8A-6C32-463F-B18A-F63B25F96E9C}.Debug|iPhoneSimulator.Build.0 = Debug|Any CPU
		{7B904F8A-6C32-463F-B18A-F63B25F96E9C}.Debug|iPhoneSimulator.Deploy.0 = Debug|Any CPU
		{7B904F8A-6C32-463F-B18A-F63B25F96E9C}.Release|Any CPU.ActiveCfg = Release|Any CPU
		{7B904F8A-6C32-463F-B18A-F63B25F96E9C}.Release|Any CPU.Build.0 = Release|Any CPU
		{7B904F8A-6C32-463F-B18A-F63B25F96E9C}.Release|Any CPU.Deploy.0 = Release|Any CPU
		{7B904F8A-6C32-463F-B18A-F63B25F96E9C}.Release|iPhone.ActiveCfg = Release|Any CPU
		{7B904F8A-6C32-463F-B18A-F63B25F96E9C}.Release|iPhone.Build.0 = Release|Any CPU
		{7B904F8A-6C32-463F-B18A-F63B25F96E9C}.Release|iPhone.Deploy.0 = Release|Any CPU
		{7B904F8A-6C32-463F-B18A-F63B25F96E9C}.Release|iPhoneSimulator.ActiveCfg = Release|Any CPU
		{7B904F8A-6C32-463F-B18A-F63B25F96E9C}.Release|iPhoneSimulator.Build.0 = Release|Any CPU
		{7B904F8A-6C32-463F-B18A-F63B25F96E9C}.Release|iPhoneSimulator.Deploy.0 = Release|Any CPU
	EndGlobalSection
	GlobalSection(SolutionProperties) = preSolution
		HideSolutionNode = FALSE
	EndGlobalSection
	GlobalSection(NestedProjects) = preSolution
		{0636AA79-0AC9-4401-96BC-794B552DD196} = {6271B1A9-AD9E-4AA4-882F-686330164B1C}
		{C4DD74C8-EE94-451C-8C54-9972537ED250} = {6271B1A9-AD9E-4AA4-882F-686330164B1C}
		{FF796B1C-F556-4B9E-A638-EF409D0DBBB2} = {A9207F80-5096-489B-BCA0-0B5AD1FDA983}
		{09742A4B-4771-46C7-A200-175EAE64C68D} = {A9207F80-5096-489B-BCA0-0B5AD1FDA983}
		{A5787FD8-4451-443A-828A-A362EB8A9395} = {A9207F80-5096-489B-BCA0-0B5AD1FDA983}
		{7B904F8A-6C32-463F-B18A-F63B25F96E9C} = {6271B1A9-AD9E-4AA4-882F-686330164B1C}
	EndGlobalSection
	GlobalSection(ExtensibilityGlobals) = postSolution
		SolutionGuid = {44746D9D-E5E3-4F4E-B78F-964C9B63CA61}
	EndGlobalSection
EndGlobal
