
Microsoft Visual Studio Solution File, Format Version 12.00
# Visual Studio 2012
Project("{2150E333-8FDC-42A3-9474-1A3956D46DE8}") = "src", "src", "{62E2CB13-41FF-40AC-B3A5-ABE2DACA095A}"
EndProject
Project("{2150E333-8FDC-42A3-9474-1A3956D46DE8}") = "test", "test", "{6271B1A9-AD9E-4AA4-882F-686330164B1C}"
EndProject
Project("{D954291E-2A0B-460D-934E-DC6B0785DB48}") = "TMDBApp", "src\TMDBApp\TMDBApp.shproj", "{140FDD56-548A-439C-94E9-5B763EBD7955}"
EndProject
Project("{FAE04EC0-301F-11D3-BF4B-00C04F79EFBC}") = "TMDBApp.iOS", "src\iOS\TMDBApp.iOS.csproj", "{B0DA1B6B-A77D-4892-BDAA-DF1CC3E558D9}"
EndProject
Project("{FAE04EC0-301F-11D3-BF4B-00C04F79EFBC}") = "TMDBApp.Droid", "src\Droid\TMDBApp.Droid.csproj", "{C1780D12-04C3-4842-9AAD-F6D463947D2E}"
EndProject
Project("{FAE04EC0-301F-11D3-BF4B-00C04F79EFBC}") = "TMDBApp.UnitTests", "tests\TMDBApp.UnitTests\TMDBApp.UnitTests.csproj", "{0636AA79-0AC9-4401-96BC-794B552DD196}"
EndProject
Project("{FAE04EC0-301F-11D3-BF4B-00C04F79EFBC}") = "TMDBApp.TestRunner.iOS", "tests\TMDBApp.TestRunner.iOS\TMDBApp.TestRunner.iOS.csproj", "{C4DD74C8-EE94-451C-8C54-9972537ED250}"
EndProject
Project("{FAE04EC0-301F-11D3-BF4B-00C04F79EFBC}") = "TMDBApp.TestRunner.Droid", "tests\TMDBApp.TestRunner.Droid\TMDBApp.TestRunner.Droid.csproj", "{B590484D-F348-4909-A90B-86C4677F7956}"
EndProject
Global
	GlobalSection(SolutionConfigurationPlatforms) = preSolution
		Debug|iPhoneSimulator = Debug|iPhoneSimulator
		Release|iPhone = Release|iPhone
		Release|iPhoneSimulator = Release|iPhoneSimulator
		Debug|iPhone = Debug|iPhone
		Debug|Any CPU = Debug|Any CPU
		Release|Any CPU = Release|Any CPU
	EndGlobalSection
	GlobalSection(ProjectConfigurationPlatforms) = postSolution
		{B0DA1B6B-A77D-4892-BDAA-DF1CC3E558D9}.Debug|iPhoneSimulator.ActiveCfg = Debug|iPhoneSimulator
		{B0DA1B6B-A77D-4892-BDAA-DF1CC3E558D9}.Debug|iPhoneSimulator.Build.0 = Debug|iPhoneSimulator
		{B0DA1B6B-A77D-4892-BDAA-DF1CC3E558D9}.Release|iPhone.ActiveCfg = Release|iPhone
		{B0DA1B6B-A77D-4892-BDAA-DF1CC3E558D9}.Release|iPhone.Build.0 = Release|iPhone
		{B0DA1B6B-A77D-4892-BDAA-DF1CC3E558D9}.Release|iPhoneSimulator.ActiveCfg = Release|iPhoneSimulator
		{B0DA1B6B-A77D-4892-BDAA-DF1CC3E558D9}.Release|iPhoneSimulator.Build.0 = Release|iPhoneSimulator
		{B0DA1B6B-A77D-4892-BDAA-DF1CC3E558D9}.Debug|iPhone.ActiveCfg = Debug|iPhone
		{B0DA1B6B-A77D-4892-BDAA-DF1CC3E558D9}.Debug|iPhone.Build.0 = Debug|iPhone
		{B0DA1B6B-A77D-4892-BDAA-DF1CC3E558D9}.Debug|Any CPU.ActiveCfg = Debug|iPhoneSimulator
		{B0DA1B6B-A77D-4892-BDAA-DF1CC3E558D9}.Debug|Any CPU.Build.0 = Debug|iPhoneSimulator
		{B0DA1B6B-A77D-4892-BDAA-DF1CC3E558D9}.Release|Any CPU.ActiveCfg = Release|iPhone
		{B0DA1B6B-A77D-4892-BDAA-DF1CC3E558D9}.Release|Any CPU.Build.0 = Release|iPhone
		{C1780D12-04C3-4842-9AAD-F6D463947D2E}.Debug|iPhoneSimulator.ActiveCfg = Debug|Any CPU
		{C1780D12-04C3-4842-9AAD-F6D463947D2E}.Debug|iPhoneSimulator.Build.0 = Debug|Any CPU
		{C1780D12-04C3-4842-9AAD-F6D463947D2E}.Release|iPhone.ActiveCfg = Release|Any CPU
		{C1780D12-04C3-4842-9AAD-F6D463947D2E}.Release|iPhone.Build.0 = Release|Any CPU
		{C1780D12-04C3-4842-9AAD-F6D463947D2E}.Release|iPhoneSimulator.ActiveCfg = Release|Any CPU
		{C1780D12-04C3-4842-9AAD-F6D463947D2E}.Release|iPhoneSimulator.Build.0 = Release|Any CPU
		{C1780D12-04C3-4842-9AAD-F6D463947D2E}.Debug|iPhone.ActiveCfg = Debug|Any CPU
		{C1780D12-04C3-4842-9AAD-F6D463947D2E}.Debug|iPhone.Build.0 = Debug|Any CPU
		{C1780D12-04C3-4842-9AAD-F6D463947D2E}.Debug|Any CPU.ActiveCfg = Debug|Any CPU
		{C1780D12-04C3-4842-9AAD-F6D463947D2E}.Debug|Any CPU.Build.0 = Debug|Any CPU
		{C1780D12-04C3-4842-9AAD-F6D463947D2E}.Release|Any CPU.ActiveCfg = Release|Any CPU
		{C1780D12-04C3-4842-9AAD-F6D463947D2E}.Release|Any CPU.Build.0 = Release|Any CPU
		{0636AA79-0AC9-4401-96BC-794B552DD196}.Debug|iPhoneSimulator.ActiveCfg = Debug|Any CPU
		{0636AA79-0AC9-4401-96BC-794B552DD196}.Debug|iPhoneSimulator.Build.0 = Debug|Any CPU
		{0636AA79-0AC9-4401-96BC-794B552DD196}.Release|iPhone.ActiveCfg = Release|Any CPU
		{0636AA79-0AC9-4401-96BC-794B552DD196}.Release|iPhone.Build.0 = Release|Any CPU
		{0636AA79-0AC9-4401-96BC-794B552DD196}.Release|iPhoneSimulator.ActiveCfg = Release|Any CPU
		{0636AA79-0AC9-4401-96BC-794B552DD196}.Release|iPhoneSimulator.Build.0 = Release|Any CPU
		{0636AA79-0AC9-4401-96BC-794B552DD196}.Debug|iPhone.ActiveCfg = Debug|Any CPU
		{0636AA79-0AC9-4401-96BC-794B552DD196}.Debug|iPhone.Build.0 = Debug|Any CPU
		{0636AA79-0AC9-4401-96BC-794B552DD196}.Debug|Any CPU.ActiveCfg = Debug|Any CPU
		{0636AA79-0AC9-4401-96BC-794B552DD196}.Debug|Any CPU.Build.0 = Debug|Any CPU
		{0636AA79-0AC9-4401-96BC-794B552DD196}.Release|Any CPU.ActiveCfg = Release|Any CPU
		{0636AA79-0AC9-4401-96BC-794B552DD196}.Release|Any CPU.Build.0 = Release|Any CPU
		{C4DD74C8-EE94-451C-8C54-9972537ED250}.Debug|iPhoneSimulator.ActiveCfg = Debug|iPhoneSimulator
		{C4DD74C8-EE94-451C-8C54-9972537ED250}.Debug|iPhoneSimulator.Build.0 = Debug|iPhoneSimulator
		{C4DD74C8-EE94-451C-8C54-9972537ED250}.Release|iPhone.ActiveCfg = Release|iPhone
		{C4DD74C8-EE94-451C-8C54-9972537ED250}.Release|iPhone.Build.0 = Release|iPhone
		{C4DD74C8-EE94-451C-8C54-9972537ED250}.Release|iPhoneSimulator.ActiveCfg = Release|iPhoneSimulator
		{C4DD74C8-EE94-451C-8C54-9972537ED250}.Release|iPhoneSimulator.Build.0 = Release|iPhoneSimulator
		{C4DD74C8-EE94-451C-8C54-9972537ED250}.Debug|iPhone.ActiveCfg = Debug|iPhone
		{C4DD74C8-EE94-451C-8C54-9972537ED250}.Debug|iPhone.Build.0 = Debug|iPhone
		{C4DD74C8-EE94-451C-8C54-9972537ED250}.Debug|Any CPU.ActiveCfg = Debug|iPhoneSimulator
		{C4DD74C8-EE94-451C-8C54-9972537ED250}.Debug|Any CPU.Build.0 = Debug|iPhoneSimulator
		{C4DD74C8-EE94-451C-8C54-9972537ED250}.Release|Any CPU.ActiveCfg = Release|iPhone
		{C4DD74C8-EE94-451C-8C54-9972537ED250}.Release|Any CPU.Build.0 = Release|iPhone
		{B590484D-F348-4909-A90B-86C4677F7956}.Debug|iPhoneSimulator.ActiveCfg = Debug|Any CPU
		{B590484D-F348-4909-A90B-86C4677F7956}.Debug|iPhoneSimulator.Build.0 = Debug|Any CPU
		{B590484D-F348-4909-A90B-86C4677F7956}.Release|iPhone.ActiveCfg = Release|Any CPU
		{B590484D-F348-4909-A90B-86C4677F7956}.Release|iPhone.Build.0 = Release|Any CPU
		{B590484D-F348-4909-A90B-86C4677F7956}.Release|iPhoneSimulator.ActiveCfg = Release|Any CPU
		{B590484D-F348-4909-A90B-86C4677F7956}.Release|iPhoneSimulator.Build.0 = Release|Any CPU
		{B590484D-F348-4909-A90B-86C4677F7956}.Debug|iPhone.ActiveCfg = Debug|Any CPU
		{B590484D-F348-4909-A90B-86C4677F7956}.Debug|iPhone.Build.0 = Debug|Any CPU
		{B590484D-F348-4909-A90B-86C4677F7956}.Debug|Any CPU.ActiveCfg = Debug|Any CPU
		{B590484D-F348-4909-A90B-86C4677F7956}.Debug|Any CPU.Build.0 = Debug|Any CPU
		{B590484D-F348-4909-A90B-86C4677F7956}.Release|Any CPU.ActiveCfg = Release|Any CPU
		{B590484D-F348-4909-A90B-86C4677F7956}.Release|Any CPU.Build.0 = Release|Any CPU
	EndGlobalSection
	GlobalSection(NestedProjects) = preSolution
		{140FDD56-548A-439C-94E9-5B763EBD7955} = {62E2CB13-41FF-40AC-B3A5-ABE2DACA095A}
		{B0DA1B6B-A77D-4892-BDAA-DF1CC3E558D9} = {62E2CB13-41FF-40AC-B3A5-ABE2DACA095A}
		{C1780D12-04C3-4842-9AAD-F6D463947D2E} = {62E2CB13-41FF-40AC-B3A5-ABE2DACA095A}
		{0636AA79-0AC9-4401-96BC-794B552DD196} = {6271B1A9-AD9E-4AA4-882F-686330164B1C}
		{C4DD74C8-EE94-451C-8C54-9972537ED250} = {6271B1A9-AD9E-4AA4-882F-686330164B1C}
		{B590484D-F348-4909-A90B-86C4677F7956} = {6271B1A9-AD9E-4AA4-882F-686330164B1C}
	EndGlobalSection
EndGlobal
